
Microsoft Visual Studio Solution File, Format Version 12.00
# Visual Studio Version 16
VisualStudioVersion = 25.0.1705.2
MinimumVisualStudioVersion = 10.0.40219.1
Project("{FAE04EC0-301F-11D3-BF4B-00C04F79EFBC}") = "Ex4-Porcentagem", "Ex4-Porcentagem\Ex4-Porcentagem.csproj", "{8A09FCE2-B5F8-421C-B14D-58CD0DD36C1F}"
EndProject
Global
	GlobalSection(SolutionConfigurationPlatforms) = preSolution
		Debug|Any CPU = Debug|Any CPU
		Release|Any CPU = Release|Any CPU
	EndGlobalSection
	GlobalSection(ProjectConfigurationPlatforms) = postSolution
		{8A09FCE2-B5F8-421C-B14D-58CD0DD36C1F}.Debug|Any CPU.ActiveCfg = Debug|Any CPU
		{8A09FCE2-B5F8-421C-B14D-58CD0DD36C1F}.Debug|Any CPU.Build.0 = Debug|Any CPU
		{8A09FCE2-B5F8-421C-B14D-58CD0DD36C1F}.Release|Any CPU.ActiveCfg = Release|Any CPU
		{8A09FCE2-B5F8-421C-B14D-58CD0DD36C1F}.Release|Any CPU.Build.0 = Release|Any CPU
	EndGlobalSection
	GlobalSection(SolutionProperties) = preSolution
		HideSolutionNode = FALSE
	EndGlobalSection
	GlobalSection(ExtensibilityGlobals) = postSolution
		SolutionGuid = {06AE538B-13C3-4DCB-90E7-3D43BEC8D3E9}
	EndGlobalSection
EndGlobal
